
Microsoft Visual Studio Solution File, Format Version 12.00
# Visual Studio Version 16
VisualStudioVersion = 16.0.30002.166
MinimumVisualStudioVersion = 10.0.40219.1
Project("{FAE04EC0-301F-11D3-BF4B-00C04F79EFBC}") = "ExameTeoria", "ExameTeoria\ExameTeoria.csproj", "{578096DB-37EC-4D3B-ADDC-F955EA26D4E7}"
EndProject
Global
	GlobalSection(SolutionConfigurationPlatforms) = preSolution
		Debug|Any CPU = Debug|Any CPU
		Release|Any CPU = Release|Any CPU
	EndGlobalSection
	GlobalSection(ProjectConfigurationPlatforms) = postSolution
		{578096DB-37EC-4D3B-ADDC-F955EA26D4E7}.Debug|Any CPU.ActiveCfg = Debug|Any CPU
		{578096DB-37EC-4D3B-ADDC-F955EA26D4E7}.Debug|Any CPU.Build.0 = Debug|Any CPU
		{578096DB-37EC-4D3B-ADDC-F955EA26D4E7}.Release|Any CPU.ActiveCfg = Release|Any CPU
		{578096DB-37EC-4D3B-ADDC-F955EA26D4E7}.Release|Any CPU.Build.0 = Release|Any CPU
	EndGlobalSection
	GlobalSection(SolutionProperties) = preSolution
		HideSolutionNode = FALSE
	EndGlobalSection
	GlobalSection(ExtensibilityGlobals) = postSolution
		SolutionGuid = {917A441E-000A-4399-B42F-F1952D771CC6}
	EndGlobalSection
EndGlobal
